
Microsoft Visual Studio Solution File, Format Version 12.00
# Visual Studio 15
VisualStudioVersion = 15.0.28307.106
MinimumVisualStudioVersion = 10.0.40219.1
Project("{8BC9CEB8-8B4A-11D0-8D11-00A0C91BC942}") = "1st_study", "1st_study\1st_study.vcxproj", "{99985079-ABE7-4E44-9E05-9B82AD99324C}"
EndProject
Global
	GlobalSection(SolutionConfigurationPlatforms) = preSolution
		Debug|x64 = Debug|x64
		Debug|x86 = Debug|x86
		Release|x64 = Release|x64
		Release|x86 = Release|x86
	EndGlobalSection
	GlobalSection(ProjectConfigurationPlatforms) = postSolution
		{99985079-ABE7-4E44-9E05-9B82AD99324C}.Debug|x64.ActiveCfg = Debug|x64
		{99985079-ABE7-4E44-9E05-9B82AD99324C}.Debug|x64.Build.0 = Debug|x64
		{99985079-ABE7-4E44-9E05-9B82AD99324C}.Debug|x86.ActiveCfg = Debug|Win32
		{99985079-ABE7-4E44-9E05-9B82AD99324C}.Debug|x86.Build.0 = Debug|Win32
		{99985079-ABE7-4E44-9E05-9B82AD99324C}.Release|x64.ActiveCfg = Release|x64
		{99985079-ABE7-4E44-9E05-9B82AD99324C}.Release|x64.Build.0 = Release|x64
		{99985079-ABE7-4E44-9E05-9B82AD99324C}.Release|x86.ActiveCfg = Release|Win32
		{99985079-ABE7-4E44-9E05-9B82AD99324C}.Release|x86.Build.0 = Release|Win32
	EndGlobalSection
	GlobalSection(SolutionProperties) = preSolution
		HideSolutionNode = FALSE
	EndGlobalSection
	GlobalSection(ExtensibilityGlobals) = postSolution
		SolutionGuid = {C5B3AA04-8826-443E-916F-89140CD817D4}
	EndGlobalSection
EndGlobal
